
Microsoft Visual Studio Solution File, Format Version 12.00
# Visual Studio 15
VisualStudioVersion = 15.0.27703.2026
MinimumVisualStudioVersion = 10.0.40219.1
Project("{FAE04EC0-301F-11D3-BF4B-00C04F79EFBC}") = "App1", "App1\App1.csproj", "{1655CE3F-7CF8-40A0-814E-3983BE273F98}"
EndProject
Global
	GlobalSection(SolutionConfigurationPlatforms) = preSolution
		Debug|Any CPU = Debug|Any CPU
		Release|Any CPU = Release|Any CPU
	EndGlobalSection
	GlobalSection(ProjectConfigurationPlatforms) = postSolution
		{1655CE3F-7CF8-40A0-814E-3983BE273F98}.Debug|Any CPU.ActiveCfg = Debug|Any CPU
		{1655CE3F-7CF8-40A0-814E-3983BE273F98}.Debug|Any CPU.Build.0 = Debug|Any CPU
		{1655CE3F-7CF8-40A0-814E-3983BE273F98}.Release|Any CPU.ActiveCfg = Release|Any CPU
		{1655CE3F-7CF8-40A0-814E-3983BE273F98}.Release|Any CPU.Build.0 = Release|Any CPU
	EndGlobalSection
	GlobalSection(SolutionProperties) = preSolution
		HideSolutionNode = FALSE
	EndGlobalSection
	GlobalSection(ExtensibilityGlobals) = postSolution
		SolutionGuid = {27DCA459-50F8-4E78-9E40-DEE55EDC4A75}
	EndGlobalSection
EndGlobal
